
Microsoft Visual Studio Solution File, Format Version 12.00
# Visual Studio 15
VisualStudioVersion = 15.0.26124.0
MinimumVisualStudioVersion = 15.0.26124.0
Project("{2150E333-8FDC-42A3-9474-1A3956D46DE8}") = "src", "src", "{E10A0F78-3C8F-43DE-86CB-CF5F3F5B38CF}"
EndProject
Project("{FAE04EC0-301F-11D3-BF4B-00C04F79EFBC}") = "GlobalRenameImport.Cli", "src\GlobalRenameImport.Cli\GlobalRenameImport.Cli.csproj", "{81FB7328-8425-4509-9314-D52F8A9AE836}"
EndProject
Global
	GlobalSection(SolutionConfigurationPlatforms) = preSolution
		Debug|Any CPU = Debug|Any CPU
		Debug|x64 = Debug|x64
		Debug|x86 = Debug|x86
		Release|Any CPU = Release|Any CPU
		Release|x64 = Release|x64
		Release|x86 = Release|x86
	EndGlobalSection
	GlobalSection(SolutionProperties) = preSolution
		HideSolutionNode = FALSE
	EndGlobalSection
	GlobalSection(ProjectConfigurationPlatforms) = postSolution
		{81FB7328-8425-4509-9314-D52F8A9AE836}.Debug|Any CPU.ActiveCfg = Debug|Any CPU
		{81FB7328-8425-4509-9314-D52F8A9AE836}.Debug|Any CPU.Build.0 = Debug|Any CPU
		{81FB7328-8425-4509-9314-D52F8A9AE836}.Debug|x64.ActiveCfg = Debug|Any CPU
		{81FB7328-8425-4509-9314-D52F8A9AE836}.Debug|x64.Build.0 = Debug|Any CPU
		{81FB7328-8425-4509-9314-D52F8A9AE836}.Debug|x86.ActiveCfg = Debug|Any CPU
		{81FB7328-8425-4509-9314-D52F8A9AE836}.Debug|x86.Build.0 = Debug|Any CPU
		{81FB7328-8425-4509-9314-D52F8A9AE836}.Release|Any CPU.ActiveCfg = Release|Any CPU
		{81FB7328-8425-4509-9314-D52F8A9AE836}.Release|Any CPU.Build.0 = Release|Any CPU
		{81FB7328-8425-4509-9314-D52F8A9AE836}.Release|x64.ActiveCfg = Release|Any CPU
		{81FB7328-8425-4509-9314-D52F8A9AE836}.Release|x64.Build.0 = Release|Any CPU
		{81FB7328-8425-4509-9314-D52F8A9AE836}.Release|x86.ActiveCfg = Release|Any CPU
		{81FB7328-8425-4509-9314-D52F8A9AE836}.Release|x86.Build.0 = Release|Any CPU
	EndGlobalSection
	GlobalSection(NestedProjects) = preSolution
		{81FB7328-8425-4509-9314-D52F8A9AE836} = {E10A0F78-3C8F-43DE-86CB-CF5F3F5B38CF}
	EndGlobalSection
EndGlobal
